
Microsoft Visual Studio Solution File, Format Version 12.00
# Visual Studio 14
VisualStudioVersion = 14.0.25420.1
MinimumVisualStudioVersion = 10.0.40219.1
Project("{FAE04EC0-301F-11D3-BF4B-00C04F79EFBC}") = "LETS", "LETS\LETS.csproj", "{E7ADF218-BAAB-445C-842A-EB6EECC03431}"
EndProject
Project("{FAE04EC0-301F-11D3-BF4B-00C04F79EFBC}") = "LETS.Tests", "LETS.Tests\LETS.Tests.csproj", "{AF9EB05C-5BAF-4553-9864-3DF37493C725}"
EndProject
Project("{F088123C-0E9E-452A-89E6-6BA2F21D5CAC}") = "UMLDiagrams", "UMLDiagrams\UMLDiagrams.modelproj", "{9A243D03-C0E2-4924-9E9C-297A3B968C93}"
EndProject
Project("{F088123C-0E9E-452A-89E6-6BA2F21D5CAC}") = "LETSUserCaseDiagrams", "LETSUserStories\LETSUserCaseDiagrams.modelproj", "{00485EFC-C1AD-49C4-AB4D-0A1FC0C47702}"
EndProject
Global
	GlobalSection(SolutionConfigurationPlatforms) = preSolution
		Debug|Any CPU = Debug|Any CPU
		Release|Any CPU = Release|Any CPU
	EndGlobalSection
	GlobalSection(ProjectConfigurationPlatforms) = postSolution
		{E7ADF218-BAAB-445C-842A-EB6EECC03431}.Debug|Any CPU.ActiveCfg = Debug|Any CPU
		{E7ADF218-BAAB-445C-842A-EB6EECC03431}.Debug|Any CPU.Build.0 = Debug|Any CPU
		{E7ADF218-BAAB-445C-842A-EB6EECC03431}.Release|Any CPU.ActiveCfg = Release|Any CPU
		{E7ADF218-BAAB-445C-842A-EB6EECC03431}.Release|Any CPU.Build.0 = Release|Any CPU
		{AF9EB05C-5BAF-4553-9864-3DF37493C725}.Debug|Any CPU.ActiveCfg = Debug|Any CPU
		{AF9EB05C-5BAF-4553-9864-3DF37493C725}.Debug|Any CPU.Build.0 = Debug|Any CPU
		{AF9EB05C-5BAF-4553-9864-3DF37493C725}.Release|Any CPU.ActiveCfg = Release|Any CPU
		{AF9EB05C-5BAF-4553-9864-3DF37493C725}.Release|Any CPU.Build.0 = Release|Any CPU
		{9A243D03-C0E2-4924-9E9C-297A3B968C93}.Debug|Any CPU.ActiveCfg = Debug|Any CPU
		{9A243D03-C0E2-4924-9E9C-297A3B968C93}.Debug|Any CPU.Build.0 = Debug|Any CPU
		{9A243D03-C0E2-4924-9E9C-297A3B968C93}.Release|Any CPU.ActiveCfg = Release|Any CPU
		{9A243D03-C0E2-4924-9E9C-297A3B968C93}.Release|Any CPU.Build.0 = Release|Any CPU
		{00485EFC-C1AD-49C4-AB4D-0A1FC0C47702}.Debug|Any CPU.ActiveCfg = Debug|Any CPU
		{00485EFC-C1AD-49C4-AB4D-0A1FC0C47702}.Debug|Any CPU.Build.0 = Debug|Any CPU
		{00485EFC-C1AD-49C4-AB4D-0A1FC0C47702}.Release|Any CPU.ActiveCfg = Release|Any CPU
		{00485EFC-C1AD-49C4-AB4D-0A1FC0C47702}.Release|Any CPU.Build.0 = Release|Any CPU
	EndGlobalSection
	GlobalSection(SolutionProperties) = preSolution
		HideSolutionNode = FALSE
	EndGlobalSection
EndGlobal
